
Microsoft Visual Studio Solution File, Format Version 12.00
# Visual Studio Version 17
VisualStudioVersion = 17.3.32804.467
MinimumVisualStudioVersion = 10.0.40219.1
Project("{FAE04EC0-301F-11D3-BF4B-00C04F79EFBC}") = "JwtAsp.net", "JwtAsp.net.csproj", "{C2519254-F5E4-4EF4-85BA-43D5843CDF17}"
EndProject
Global
	GlobalSection(SolutionConfigurationPlatforms) = preSolution
		Debug|Any CPU = Debug|Any CPU
		Release|Any CPU = Release|Any CPU
	EndGlobalSection
	GlobalSection(ProjectConfigurationPlatforms) = postSolution
		{C2519254-F5E4-4EF4-85BA-43D5843CDF17}.Debug|Any CPU.ActiveCfg = Debug|Any CPU
		{C2519254-F5E4-4EF4-85BA-43D5843CDF17}.Debug|Any CPU.Build.0 = Debug|Any CPU
		{C2519254-F5E4-4EF4-85BA-43D5843CDF17}.Release|Any CPU.ActiveCfg = Release|Any CPU
		{C2519254-F5E4-4EF4-85BA-43D5843CDF17}.Release|Any CPU.Build.0 = Release|Any CPU
	EndGlobalSection
	GlobalSection(SolutionProperties) = preSolution
		HideSolutionNode = FALSE
	EndGlobalSection
	GlobalSection(ExtensibilityGlobals) = postSolution
		SolutionGuid = {E6C94306-13AF-4C3C-9639-6F1223AAB169}
	EndGlobalSection
EndGlobal
